
Microsoft Visual Studio Solution File, Format Version 12.00
# Visual Studio Version 17
VisualStudioVersion = 17.3.32929.385
MinimumVisualStudioVersion = 10.0.40219.1
Project("{FAE04EC0-301F-11D3-BF4B-00C04F79EFBC}") = "FirstEvenNumber", "FirstEvenNumber.csproj", "{F9CF3A01-4169-43BC-984E-3DDB0EF602EC}"
EndProject
Global
	GlobalSection(SolutionConfigurationPlatforms) = preSolution
		Debug|Any CPU = Debug|Any CPU
		Release|Any CPU = Release|Any CPU
	EndGlobalSection
	GlobalSection(ProjectConfigurationPlatforms) = postSolution
		{F9CF3A01-4169-43BC-984E-3DDB0EF602EC}.Debug|Any CPU.ActiveCfg = Debug|Any CPU
		{F9CF3A01-4169-43BC-984E-3DDB0EF602EC}.Debug|Any CPU.Build.0 = Debug|Any CPU
		{F9CF3A01-4169-43BC-984E-3DDB0EF602EC}.Release|Any CPU.ActiveCfg = Release|Any CPU
		{F9CF3A01-4169-43BC-984E-3DDB0EF602EC}.Release|Any CPU.Build.0 = Release|Any CPU
	EndGlobalSection
	GlobalSection(SolutionProperties) = preSolution
		HideSolutionNode = FALSE
	EndGlobalSection
	GlobalSection(ExtensibilityGlobals) = postSolution
		SolutionGuid = {92DA8966-7427-49BD-8174-24A1238301FA}
	EndGlobalSection
EndGlobal
